
Microsoft Visual Studio Solution File, Format Version 12.00
# Visual Studio Version 16
VisualStudioVersion = 16.0.30011.22
MinimumVisualStudioVersion = 10.0.40219.1
Project("{FAE04EC0-301F-11D3-BF4B-00C04F79EFBC}") = "Status", "Status\Status.csproj", "{80E00C6B-0D9F-4518-BBFA-A1F2F6F5F21A}"
EndProject
Global
	GlobalSection(SolutionConfigurationPlatforms) = preSolution
		Debug|Any CPU = Debug|Any CPU
		Release|Any CPU = Release|Any CPU
	EndGlobalSection
	GlobalSection(ProjectConfigurationPlatforms) = postSolution
		{80E00C6B-0D9F-4518-BBFA-A1F2F6F5F21A}.Debug|Any CPU.ActiveCfg = Debug|Any CPU
		{80E00C6B-0D9F-4518-BBFA-A1F2F6F5F21A}.Debug|Any CPU.Build.0 = Debug|Any CPU
		{80E00C6B-0D9F-4518-BBFA-A1F2F6F5F21A}.Release|Any CPU.ActiveCfg = Release|Any CPU
		{80E00C6B-0D9F-4518-BBFA-A1F2F6F5F21A}.Release|Any CPU.Build.0 = Release|Any CPU
	EndGlobalSection
	GlobalSection(SolutionProperties) = preSolution
		HideSolutionNode = FALSE
	EndGlobalSection
	GlobalSection(ExtensibilityGlobals) = postSolution
		SolutionGuid = {E8DDEFDC-9CBD-4ED6-A055-7F59310DEC0B}
	EndGlobalSection
EndGlobal
